<?xml version="1.0" encoding="utf-8"?>
<Project ToolsVersion="4.0" xmlns="http://schemas.microsoft.com/developer/msbuild/2003">
  <ItemGroup>
    <ApplicationDefinition Include="App.xaml" />
  </ItemGroup>
  <ItemGroup>
    <Page Include="eolive.xaml">
      <Filter>sites</Filter>
    </Page>
    <Page Include="eosight.xaml">
      <Filter>sites</Filter>
    </Page>
    <Page Include="smops.xaml">
      <Filter>sites</Filter>
    </Page>
    <Page Include="SettingsPage.xaml">
      <Filter>sites</Filter>
    </Page>
    <Page Include="MainWindow.xaml">
      <Filter>sites</Filter>
    </Page>
  </ItemGroup>
  <ItemGroup>
    <Midl Include="MainWindow.idl" />
  </ItemGroup>
  <ItemGroup>
    <ClCompile Include="pch.cpp" />
    <ClCompile Include="$(GeneratedFilesDir)module.g.cpp" />
    <ClCompile Include="csv_parser.cpp">
      <Filter>parser</Filter>
    </ClCompile>
    <ClCompile Include="xlsx_parser.cpp">
      <Filter>parser</Filter>
    </ClCompile>
    <ClCompile Include="json_parser.cpp">
      <Filter>parser</Filter>
    </ClCompile>
    <ClCompile Include="convertion_manager.cpp">
      <Filter>converter</Filter>
    </ClCompile>
    <ClCompile Include="file_handling.cpp" />
  </ItemGroup>
  <ItemGroup>
    <ClInclude Include="pch.h" />
    <ClInclude Include="resource.h" />
    <ClInclude Include="csv_parser.h">
      <Filter>parser</Filter>
    </ClInclude>
    <ClInclude Include="xlsx_parser.h">
      <Filter>parser</Filter>
    </ClInclude>
    <ClInclude Include="json_parser.h">
      <Filter>parser</Filter>
    </ClInclude>
    <ClInclude Include="convertion_manager.h">
      <Filter>converter</Filter>
    </ClInclude>
    <ClInclude Include="file_handling.h" />
  </ItemGroup>
  <ItemGroup>
    <Image Include="Assets\Wide310x150Logo.scale-200.png">
      <Filter>Assets</Filter>
    </Image>
    <Image Include="Assets\StoreLogo.png">
      <Filter>Assets</Filter>
    </Image>
    <Image Include="Assets\Square150x150Logo.scale-200.png">
      <Filter>Assets</Filter>
    </Image>
    <Image Include="Assets\Square44x44Logo.targetsize-24_altform-unplated.png">
      <Filter>Assets</Filter>
    </Image>
    <Image Include="Assets\Square44x44Logo.scale-200.png">
      <Filter>Assets</Filter>
    </Image>
    <Image Include="Assets\SplashScreen.scale-200.png">
      <Filter>Assets</Filter>
    </Image>
    <Image Include="Assets\LockScreenLogo.scale-200.png">
      <Filter>Assets</Filter>
    </Image>
  </ItemGroup>
  <ItemGroup>
    <Filter Include="Assets">
      <UniqueIdentifier>{367edf6d-645b-4454-a880-b0d7c9c81c77}</UniqueIdentifier>
    </Filter>
    <Filter Include="sites">
      <UniqueIdentifier>{28c44cfb-b8b0-4778-9b6e-99b6937581c0}</UniqueIdentifier>
    </Filter>
    <Filter Include="parser">
      <UniqueIdentifier>{dcd74d70-397e-4c5c-a0fe-d132e08d09e7}</UniqueIdentifier>
    </Filter>
    <Filter Include="converter">
      <UniqueIdentifier>{45e4a0e8-a9c8-4b76-8e4d-d6074dfff559}</UniqueIdentifier>
    </Filter>
  </ItemGroup>
  <ItemGroup>
    <Text Include="readme.txt" />
  </ItemGroup>
  <ItemGroup>
    <Manifest Include="app.manifest" />
  </ItemGroup>
  <ItemGroup>
    <AppxManifest Include="Package.appxmanifest" />
  </ItemGroup>
  <ItemGroup>
    <None Include="packages.config" />
  </ItemGroup>
  <ItemGroup>
    <ResourceCompile Include="App1.rc" />
  </ItemGroup>
  <ItemGroup>
    <Natvis Include="$(MSBuildThisFileDirectory)..\..\natvis\wil.natvis" />
  </ItemGroup>
</Project>